// !$*UTF8*$!
{
	archiveVersion = 1;
	classes = {
	};
	objectVersion = 51;
	objects = {

/* Begin PBXBuildFile section */
		180395C52480F047003FFE57 /* YSDymicLibrary.framework in Frameworks */ = {isa = PBXBuildFile; fileRef = 180395C42480F047003FFE57 /* YSDymicLibrary.framework */; };
		1806E2AA247FD18D002DC535 /* libYSStaticLibrary.a in Frameworks */ = {isa = PBXBuildFile; fileRef = 185B4744247F8DD200088B16 /* libYSStaticLibrary.a */; };
		185B4704247F880600088B16 /* AppDelegate.swift in Sources */ = {isa = PBXBuildFile; fileRef = 185B4703247F880600088B16 /* AppDelegate.swift */; };
		185B4706247F880600088B16 /* SceneDelegate.swift in Sources */ = {isa = PBXBuildFile; fileRef = 185B4705247F880600088B16 /* SceneDelegate.swift */; };
		185B4708247F880600088B16 /* ViewController.swift in Sources */ = {isa = PBXBuildFile; fileRef = 185B4707247F880600088B16 /* ViewController.swift */; };
		185B470B247F880600088B16 /* Main.storyboard in Resources */ = {isa = PBXBuildFile; fileRef = 185B4709247F880600088B16 /* Main.storyboard */; };
		185B470D247F880800088B16 /* Assets.xcassets in Resources */ = {isa = PBXBuildFile; fileRef = 185B470C247F880800088B16 /* Assets.xcassets */; };
		185B4710247F880800088B16 /* LaunchScreen.storyboard in Resources */ = {isa = PBXBuildFile; fileRef = 185B470E247F880800088B16 /* LaunchScreen.storyboard */; };
		185B471B247F880800088B16 /* DemoTests.swift in Sources */ = {isa = PBXBuildFile; fileRef = 185B471A247F880800088B16 /* DemoTests.swift */; };
		185B4726247F880800088B16 /* DemoUITests.swift in Sources */ = {isa = PBXBuildFile; fileRef = 185B4725247F880800088B16 /* DemoUITests.swift */; };
		2F8DBA67556F5633FA09FEF1 /* Pods_Demo.framework in Frameworks */ = {isa = PBXBuildFile; fileRef = C6E47B9D96C8BCA22EB3218B /* Pods_Demo.framework */; };
/* End PBXBuildFile section */

/* Begin PBXContainerItemProxy section */
		185B4717247F880800088B16 /* PBXContainerItemProxy */ = {
			isa = PBXContainerItemProxy;
			containerPortal = 185B46F8247F880600088B16 /* Project object */;
			proxyType = 1;
			remoteGlobalIDString = 185B46FF247F880600088B16;
			remoteInfo = Demo;
		};
		185B4722247F880800088B16 /* PBXContainerItemProxy */ = {
			isa = PBXContainerItemProxy;
			containerPortal = 185B46F8247F880600088B16 /* Project object */;
			proxyType = 1;
			remoteGlobalIDString = 185B46FF247F880600088B16;
			remoteInfo = Demo;
		};
/* End PBXContainerItemProxy section */

/* Begin PBXCopyFilesBuildPhase section */
		185B474F247F96BE00088B16 /* Embed Frameworks */ = {
			isa = PBXCopyFilesBuildPhase;
			buildActionMask = 12;
			dstPath = "";
			dstSubfolderSpec = 10;
			files = (
			);
			name = "Embed Frameworks";
			runOnlyForDeploymentPostprocessing = 0;
		};
/* End PBXCopyFilesBuildPhase section */

/* Begin PBXFileReference section */
		180395C42480F047003FFE57 /* YSDymicLibrary.framework */ = {isa = PBXFileReference; explicitFileType = wrapper.framework; path = YSDymicLibrary.framework; sourceTree = BUILT_PRODUCTS_DIR; };
		180C16D12480E29300986A37 /* SnapKit.framework */ = {isa = PBXFileReference; lastKnownFileType = wrapper.framework; name = SnapKit.framework; path = ../Carthage/Build/iOS/SnapKit.framework; sourceTree = "<group>"; };
		180C16D22480E29300986A37 /* Alamofire.framework */ = {isa = PBXFileReference; lastKnownFileType = wrapper.framework; name = Alamofire.framework; path = ../Carthage/Build/iOS/Alamofire.framework; sourceTree = "<group>"; };
		185B4700247F880600088B16 /* Demo.app */ = {isa = PBXFileReference; explicitFileType = wrapper.application; includeInIndex = 0; path = Demo.app; sourceTree = BUILT_PRODUCTS_DIR; };
		185B4703247F880600088B16 /* AppDelegate.swift */ = {isa = PBXFileReference; lastKnownFileType = sourcecode.swift; path = AppDelegate.swift; sourceTree = "<group>"; };
		185B4705247F880600088B16 /* SceneDelegate.swift */ = {isa = PBXFileReference; lastKnownFileType = sourcecode.swift; path = SceneDelegate.swift; sourceTree = "<group>"; };
		185B4707247F880600088B16 /* ViewController.swift */ = {isa = PBXFileReference; lastKnownFileType = sourcecode.swift; path = ViewController.swift; sourceTree = "<group>"; };
		185B470A247F880600088B16 /* Base */ = {isa = PBXFileReference; lastKnownFileType = file.storyboard; name = Base; path = Base.lproj/Main.storyboard; sourceTree = "<group>"; };
		185B470C247F880800088B16 /* Assets.xcassets */ = {isa = PBXFileReference; lastKnownFileType = folder.assetcatalog; path = Assets.xcassets; sourceTree = "<group>"; };
		185B470F247F880800088B16 /* Base */ = {isa = PBXFileReference; lastKnownFileType = file.storyboard; name = Base; path = Base.lproj/LaunchScreen.storyboard; sourceTree = "<group>"; };
		185B4711247F880800088B16 /* Info.plist */ = {isa = PBXFileReference; lastKnownFileType = text.plist.xml; path = Info.plist; sourceTree = "<group>"; };
		185B4716247F880800088B16 /* DemoTests.xctest */ = {isa = PBXFileReference; explicitFileType = wrapper.cfbundle; includeInIndex = 0; path = DemoTests.xctest; sourceTree = BUILT_PRODUCTS_DIR; };
		185B471A247F880800088B16 /* DemoTests.swift */ = {isa = PBXFileReference; lastKnownFileType = sourcecode.swift; path = DemoTests.swift; sourceTree = "<group>"; };
		185B471C247F880800088B16 /* Info.plist */ = {isa = PBXFileReference; lastKnownFileType = text.plist.xml; path = Info.plist; sourceTree = "<group>"; };
		185B4721247F880800088B16 /* DemoUITests.xctest */ = {isa = PBXFileReference; explicitFileType = wrapper.cfbundle; includeInIndex = 0; path = DemoUITests.xctest; sourceTree = BUILT_PRODUCTS_DIR; };
		185B4725247F880800088B16 /* DemoUITests.swift */ = {isa = PBXFileReference; lastKnownFileType = sourcecode.swift; path = DemoUITests.swift; sourceTree = "<group>"; };
		185B4727247F880800088B16 /* Info.plist */ = {isa = PBXFileReference; lastKnownFileType = text.plist.xml; path = Info.plist; sourceTree = "<group>"; };
		185B4742247F8DCD00088B16 /* YSDymicLibrary.framework */ = {isa = PBXFileReference; explicitFileType = wrapper.framework; path = YSDymicLibrary.framework; sourceTree = BUILT_PRODUCTS_DIR; };
		185B4744247F8DD200088B16 /* libYSStaticLibrary.a */ = {isa = PBXFileReference; explicitFileType = archive.ar; path = libYSStaticLibrary.a; sourceTree = BUILT_PRODUCTS_DIR; };
		62AA0F5F198388EA9CF8ACA6 /* Pods-Demo.debug.xcconfig */ = {isa = PBXFileReference; includeInIndex = 1; lastKnownFileType = text.xcconfig; name = "Pods-Demo.debug.xcconfig"; path = "../../Pods/Target Support Files/Pods-Demo/Pods-Demo.debug.xcconfig"; sourceTree = "<group>"; };
		C6E47B9D96C8BCA22EB3218B /* Pods_Demo.framework */ = {isa = PBXFileReference; explicitFileType = wrapper.framework; includeInIndex = 0; path = Pods_Demo.framework; sourceTree = BUILT_PRODUCTS_DIR; };
		F60725A3D948042608ED4B07 /* Pods-Demo.release.xcconfig */ = {isa = PBXFileReference; includeInIndex = 1; lastKnownFileType = text.xcconfig; name = "Pods-Demo.release.xcconfig"; path = "../../Pods/Target Support Files/Pods-Demo/Pods-Demo.release.xcconfig"; sourceTree = "<group>"; };
/* End PBXFileReference section */

/* Begin PBXFrameworksBuildPhase section */
		185B46FD247F880600088B16 /* Frameworks */ = {
			isa = PBXFrameworksBuildPhase;
			buildActionMask = 2147483647;
			files = (
				180395C52480F047003FFE57 /* YSDymicLibrary.framework in Frameworks */,
				1806E2AA247FD18D002DC535 /* libYSStaticLibrary.a in Frameworks */,
				2F8DBA67556F5633FA09FEF1 /* Pods_Demo.framework in Frameworks */,
			);
			runOnlyForDeploymentPostprocessing = 0;
		};
		185B4713247F880800088B16 /* Frameworks */ = {
			isa = PBXFrameworksBuildPhase;
			buildActionMask = 2147483647;
			files = (
			);
			runOnlyForDeploymentPostprocessing = 0;
		};
		185B471E247F880800088B16 /* Frameworks */ = {
			isa = PBXFrameworksBuildPhase;
			buildActionMask = 2147483647;
			files = (
			);
			runOnlyForDeploymentPostprocessing = 0;
		};
/* End PBXFrameworksBuildPhase section */

/* Begin PBXGroup section */
		1563F56A606B22DEDC97F344 /* Pods */ = {
			isa = PBXGroup;
			children = (
				62AA0F5F198388EA9CF8ACA6 /* Pods-Demo.debug.xcconfig */,
				F60725A3D948042608ED4B07 /* Pods-Demo.release.xcconfig */,
			);
			path = Pods;
			sourceTree = "<group>";
		};
		185B46F7247F880600088B16 = {
			isa = PBXGroup;
			children = (
				185B4702247F880600088B16 /* Demo */,
				185B4719247F880800088B16 /* DemoTests */,
				185B4724247F880800088B16 /* DemoUITests */,
				185B4701247F880600088B16 /* Products */,
				185B4741247F8DCD00088B16 /* Frameworks */,
				1563F56A606B22DEDC97F344 /* Pods */,
			);
			sourceTree = "<group>";
		};
		185B4701247F880600088B16 /* Products */ = {
			isa = PBXGroup;
			children = (
				185B4700247F880600088B16 /* Demo.app */,
				185B4716247F880800088B16 /* DemoTests.xctest */,
				185B4721247F880800088B16 /* DemoUITests.xctest */,
			);
			name = Products;
			sourceTree = "<group>";
		};
		185B4702247F880600088B16 /* Demo */ = {
			isa = PBXGroup;
			children = (
				185B4703247F880600088B16 /* AppDelegate.swift */,
				185B4705247F880600088B16 /* SceneDelegate.swift */,
				185B4707247F880600088B16 /* ViewController.swift */,
				185B4709247F880600088B16 /* Main.storyboard */,
				185B470C247F880800088B16 /* Assets.xcassets */,
				185B470E247F880800088B16 /* LaunchScreen.storyboard */,
				185B4711247F880800088B16 /* Info.plist */,
			);
			path = Demo;
			sourceTree = "<group>";
		};
		185B4719247F880800088B16 /* DemoTests */ = {
			isa = PBXGroup;
			children = (
				185B471A247F880800088B16 /* DemoTests.swift */,
				185B471C247F880800088B16 /* Info.plist */,
			);
			path = DemoTests;
			sourceTree = "<group>";
		};
		185B4724247F880800088B16 /* DemoUITests */ = {
			isa = PBXGroup;
			children = (
				185B4725247F880800088B16 /* DemoUITests.swift */,
				185B4727247F880800088B16 /* Info.plist */,
			);
			path = DemoUITests;
			sourceTree = "<group>";
		};
		185B4741247F8DCD00088B16 /* Frameworks */ = {
			isa = PBXGroup;
			children = (
				180395C42480F047003FFE57 /* YSDymicLibrary.framework */,
				180C16D22480E29300986A37 /* Alamofire.framework */,
				180C16D12480E29300986A37 /* SnapKit.framework */,
				185B4744247F8DD200088B16 /* libYSStaticLibrary.a */,
				185B4742247F8DCD00088B16 /* YSDymicLibrary.framework */,
				C6E47B9D96C8BCA22EB3218B /* Pods_Demo.framework */,
			);
			name = Frameworks;
			sourceTree = "<group>";
		};
/* End PBXGroup section */

/* Begin PBXNativeTarget section */
		185B46FF247F880600088B16 /* Demo */ = {
			isa = PBXNativeTarget;
			buildConfigurationList = 185B472A247F880800088B16 /* Build configuration list for PBXNativeTarget "Demo" */;
			buildPhases = (
				4807436A977DAC7DC24B99FB /* [CP] Check Pods Manifest.lock */,
				185B46FC247F880600088B16 /* Sources */,
				185B46FD247F880600088B16 /* Frameworks */,
				185B46FE247F880600088B16 /* Resources */,
				185B474F247F96BE00088B16 /* Embed Frameworks */,
				343C7AA2DEC98C930070D3D2 /* [CP] Embed Pods Frameworks */,
			);
			buildRules = (
			);
			dependencies = (
			);
			name = Demo;
			productName = Demo;
			productReference = 185B4700247F880600088B16 /* Demo.app */;
			productType = "com.apple.product-type.application";
		};
		185B4715247F880800088B16 /* DemoTests */ = {
			isa = PBXNativeTarget;
			buildConfigurationList = 185B472D247F880800088B16 /* Build configuration list for PBXNativeTarget "DemoTests" */;
			buildPhases = (
				185B4712247F880800088B16 /* Sources */,
				185B4713247F880800088B16 /* Frameworks */,
				185B4714247F880800088B16 /* Resources */,
			);
			buildRules = (
			);
			dependencies = (
				185B4718247F880800088B16 /* PBXTargetDependency */,
			);
			name = DemoTests;
			productName = DemoTests;
			productReference = 185B4716247F880800088B16 /* DemoTests.xctest */;
			productType = "com.apple.product-type.bundle.unit-test";
		};
		185B4720247F880800088B16 /* DemoUITests */ = {
			isa = PBXNativeTarget;
			buildConfigurationList = 185B4730247F880800088B16 /* Build configuration list for PBXNativeTarget "DemoUITests" */;
			buildPhases = (
				185B471D247F880800088B16 /* Sources */,
				185B471E247F880800088B16 /* Frameworks */,
				185B471F247F880800088B16 /* Resources */,
			);
			buildRules = (
			);
			dependencies = (
				185B4723247F880800088B16 /* PBXTargetDependency */,
			);
			name = DemoUITests;
			productName = DemoUITests;
			productReference = 185B4721247F880800088B16 /* DemoUITests.xctest */;
			productType = "com.apple.product-type.bundle.ui-testing";
		};
/* End PBXNativeTarget section */

/* Begin PBXProject section */
		185B46F8247F880600088B16 /* Project object */ = {
			isa = PBXProject;
			attributes = {
				LastSwiftUpdateCheck = 1150;
				LastUpgradeCheck = 1150;
				ORGANIZATIONNAME = apple;
				TargetAttributes = {
					185B46FF247F880600088B16 = {
						CreatedOnToolsVersion = 11.5;
						LastSwiftMigration = 1150;
					};
					185B4715247F880800088B16 = {
						CreatedOnToolsVersion = 11.5;
						TestTargetID = 185B46FF247F880600088B16;
					};
					185B4720247F880800088B16 = {
						CreatedOnToolsVersion = 11.5;
						TestTargetID = 185B46FF247F880600088B16;
					};
				};
			};
			buildConfigurationList = 185B46FB247F880600088B16 /* Build configuration list for PBXProject "Demo" */;
			compatibilityVersion = "Xcode 9.3";
			developmentRegion = en;
			hasScannedForEncodings = 0;
			knownRegions = (
				en,
				Base,
			);
			mainGroup = 185B46F7247F880600088B16;
			productRefGroup = 185B4701247F880600088B16 /* Products */;
			projectDirPath = "";
			projectRoot = "";
			targets = (
				185B46FF247F880600088B16 /* Demo */,
				185B4715247F880800088B16 /* DemoTests */,
				185B4720247F880800088B16 /* DemoUITests */,
			);
		};
/* End PBXProject section */

/* Begin PBXResourcesBuildPhase section */
		185B46FE247F880600088B16 /* Resources */ = {
			isa = PBXResourcesBuildPhase;
			buildActionMask = 2147483647;
			files = (
				185B4710247F880800088B16 /* LaunchScreen.storyboard in Resources */,
				185B470D247F880800088B16 /* Assets.xcassets in Resources */,
				185B470B247F880600088B16 /* Main.storyboard in Resources */,
			);
			runOnlyForDeploymentPostprocessing = 0;
		};
		185B4714247F880800088B16 /* Resources */ = {
			isa = PBXResourcesBuildPhase;
			buildActionMask = 2147483647;
			files = (
			);
			runOnlyForDeploymentPostprocessing = 0;
		};
		185B471F247F880800088B16 /* Resources */ = {
			isa = PBXResourcesBuildPhase;
			buildActionMask = 2147483647;
			files = (
			);
			runOnlyForDeploymentPostprocessing = 0;
		};
/* End PBXResourcesBuildPhase section */

/* Begin PBXShellScriptBuildPhase section */
		343C7AA2DEC98C930070D3D2 /* [CP] Embed Pods Frameworks */ = {
			isa = PBXShellScriptBuildPhase;
			buildActionMask = 2147483647;
			files = (
			);
			inputFileListPaths = (
				"${PODS_ROOT}/Target Support Files/Pods-Demo/Pods-Demo-frameworks-${CONFIGURATION}-input-files.xcfilelist",
			);
			name = "[CP] Embed Pods Frameworks";
			outputFileListPaths = (
				"${PODS_ROOT}/Target Support Files/Pods-Demo/Pods-Demo-frameworks-${CONFIGURATION}-output-files.xcfilelist",
			);
			runOnlyForDeploymentPostprocessing = 0;
			shellPath = /bin/sh;
			shellScript = "\"${PODS_ROOT}/Target Support Files/Pods-Demo/Pods-Demo-frameworks.sh\"\n";
			showEnvVarsInLog = 0;
		};
		4807436A977DAC7DC24B99FB /* [CP] Check Pods Manifest.lock */ = {
			isa = PBXShellScriptBuildPhase;
			buildActionMask = 2147483647;
			files = (
			);
			inputFileListPaths = (
			);
			inputPaths = (
				"${PODS_PODFILE_DIR_PATH}/Podfile.lock",
				"${PODS_ROOT}/Manifest.lock",
			);
			name = "[CP] Check Pods Manifest.lock";
			outputFileListPaths = (
			);
			outputPaths = (
				"$(DERIVED_FILE_DIR)/Pods-Demo-checkManifestLockResult.txt",
			);
			runOnlyForDeploymentPostprocessing = 0;
			shellPath = /bin/sh;
			shellScript = "diff \"${PODS_PODFILE_DIR_PATH}/Podfile.lock\" \"${PODS_ROOT}/Manifest.lock\" > /dev/null\nif [ $? != 0 ] ; then\n    # print error to STDERR\n    echo \"error: The sandbox is not in sync with the Podfile.lock. Run 'pod install' or update your CocoaPods installation.\" >&2\n    exit 1\nfi\n# This output is used by Xcode 'outputs' to avoid re-running this script phase.\necho \"SUCCESS\" > \"${SCRIPT_OUTPUT_FILE_0}\"\n";
			showEnvVarsInLog = 0;
		};
/* End PBXShellScriptBuildPhase section */

/* Begin PBXSourcesBuildPhase section */
		185B46FC247F880600088B16 /* Sources */ = {
			isa = PBXSourcesBuildPhase;
			buildActionMask = 2147483647;
			files = (
				185B4708247F880600088B16 /* ViewController.swift in Sources */,
				185B4704247F880600088B16 /* AppDelegate.swift in Sources */,
				185B4706247F880600088B16 /* SceneDelegate.swift in Sources */,
			);
			runOnlyForDeploymentPostprocessing = 0;
		};
		185B4712247F880800088B16 /* Sources */ = {
			isa = PBXSourcesBuildPhase;
			buildActionMask = 2147483647;
			files = (
				185B471B247F880800088B16 /* DemoTests.swift in Sources */,
			);
			runOnlyForDeploymentPostprocessing = 0;
		};
		185B471D247F880800088B16 /* Sources */ = {
			isa = PBXSourcesBuildPhase;
			buildActionMask = 2147483647;
			files = (
				185B4726247F880800088B16 /* DemoUITests.swift in Sources */,
			);
			runOnlyForDeploymentPostprocessing = 0;
		};
/* End PBXSourcesBuildPhase section */

/* Begin PBXTargetDependency section */
		185B4718247F880800088B16 /* PBXTargetDependency */ = {
			isa = PBXTargetDependency;
			target = 185B46FF247F880600088B16 /* Demo */;
			targetProxy = 185B4717247F880800088B16 /* PBXContainerItemProxy */;
		};
		185B4723247F880800088B16 /* PBXTargetDependency */ = {
			isa = PBXTargetDependency;
			target = 185B46FF247F880600088B16 /* Demo */;
			targetProxy = 185B4722247F880800088B16 /* PBXContainerItemProxy */;
		};
/* End PBXTargetDependency section */

/* Begin PBXVariantGroup section */
		185B4709247F880600088B16 /* Main.storyboard */ = {
			isa = PBXVariantGroup;
			children = (
				185B470A247F880600088B16 /* Base */,
			);
			name = Main.storyboard;
			sourceTree = "<group>";
		};
		185B470E247F880800088B16 /* LaunchScreen.storyboard */ = {
			isa = PBXVariantGroup;
			children = (
				185B470F247F880800088B16 /* Base */,
			);
			name = LaunchScreen.storyboard;
			sourceTree = "<group>";
		};
/* End PBXVariantGroup section */

/* Begin XCBuildConfiguration section */
		185B4728247F880800088B16 /* Debug */ = {
			isa = XCBuildConfiguration;
			buildSettings = {
				ALWAYS_SEARCH_USER_PATHS = NO;
				CLANG_ANALYZER_NONNULL = YES;
				CLANG_ANALYZER_NUMBER_OBJECT_CONVERSION = YES_AGGRESSIVE;
				CLANG_CXX_LANGUAGE_STANDARD = "gnu++14";
				CLANG_CXX_LIBRARY = "libc++";
				CLANG_ENABLE_MODULES = YES;
				CLANG_ENABLE_OBJC_ARC = YES;
				CLANG_ENABLE_OBJC_WEAK = YES;
				CLANG_WARN_BLOCK_CAPTURE_AUTORELEASING = YES;
				CLANG_WARN_BOOL_CONVERSION = YES;
				CLANG_WARN_COMMA = YES;
				CLANG_WARN_CONSTANT_CONVERSION = YES;
				CLANG_WARN_DEPRECATED_OBJC_IMPLEMENTATIONS = YES;
				CLANG_WARN_DIRECT_OBJC_ISA_USAGE = YES_ERROR;
				CLANG_WARN_DOCUMENTATION_COMMENTS = YES;
				CLANG_WARN_EMPTY_BODY = YES;
				CLANG_WARN_ENUM_CONVERSION = YES;
				CLANG_WARN_INFINITE_RECURSION = YES;
				CLANG_WARN_INT_CONVERSION = YES;
				CLANG_WARN_NON_LITERAL_NULL_CONVERSION = YES;
				CLANG_WARN_OBJC_IMPLICIT_RETAIN_SELF = YES;
				CLANG_WARN_OBJC_LITERAL_CONVERSION = YES;
				CLANG_WARN_OBJC_ROOT_CLASS = YES_ERROR;
				CLANG_WARN_RANGE_LOOP_ANALYSIS = YES;
				CLANG_WARN_STRICT_PROTOTYPES = YES;
				CLANG_WARN_SUSPICIOUS_MOVE = YES;
				CLANG_WARN_UNGUARDED_AVAILABILITY = YES_AGGRESSIVE;
				CLANG_WARN_UNREACHABLE_CODE = YES;
				CLANG_WARN__DUPLICATE_METHOD_MATCH = YES;
				COPY_PHASE_STRIP = NO;
				DEBUG_INFORMATION_FORMAT = dwarf;
				ENABLE_STRICT_OBJC_MSGSEND = YES;
				ENABLE_TESTABILITY = YES;
				GCC_C_LANGUAGE_STANDARD = gnu11;
				GCC_DYNAMIC_NO_PIC = NO;
				GCC_NO_COMMON_BLOCKS = YES;
				GCC_OPTIMIZATION_LEVEL = 0;
				GCC_PREPROCESSOR_DEFINITIONS = (
					"DEBUG=1",
					"$(inherited)",
				);
				GCC_WARN_64_TO_32_BIT_CONVERSION = YES;
				GCC_WARN_ABOUT_RETURN_TYPE = YES_ERROR;
				GCC_WARN_UNDECLARED_SELECTOR = YES;
				GCC_WARN_UNINITIALIZED_AUTOS = YES_AGGRESSIVE;
				GCC_WARN_UNUSED_FUNCTION = YES;
				GCC_WARN_UNUSED_VARIABLE = YES;
				IPHONEOS_DEPLOYMENT_TARGET = 13.5;
				MTL_ENABLE_DEBUG_INFO = INCLUDE_SOURCE;
				MTL_FAST_MATH = YES;
				ONLY_ACTIVE_ARCH = YES;
				SDKROOT = iphoneos;
				SWIFT_ACTIVE_COMPILATION_CONDITIONS = DEBUG;
				SWIFT_OPTIMIZATION_LEVEL = "-Onone";
			};
			name = Debug;
		};
		185B4729247F880800088B16 /* Release */ = {
			isa = XCBuildConfiguration;
			buildSettings = {
				ALWAYS_SEARCH_USER_PATHS = NO;
				CLANG_ANALYZER_NONNULL = YES;
				CLANG_ANALYZER_NUMBER_OBJECT_CONVERSION = YES_AGGRESSIVE;
				CLANG_CXX_LANGUAGE_STANDARD = "gnu++14";
				CLANG_CXX_LIBRARY = "libc++";
				CLANG_ENABLE_MODULES = YES;
				CLANG_ENABLE_OBJC_ARC = YES;
				CLANG_ENABLE_OBJC_WEAK = YES;
				CLANG_WARN_BLOCK_CAPTURE_AUTORELEASING = YES;
				CLANG_WARN_BOOL_CONVERSION = YES;
				CLANG_WARN_COMMA = YES;
				CLANG_WARN_CONSTANT_CONVERSION = YES;
				CLANG_WARN_DEPRECATED_OBJC_IMPLEMENTATIONS = YES;
				CLANG_WARN_DIRECT_OBJC_ISA_USAGE = YES_ERROR;
				CLANG_WARN_DOCUMENTATION_COMMENTS = YES;
				CLANG_WARN_EMPTY_BODY = YES;
				CLANG_WARN_ENUM_CONVERSION = YES;
				CLANG_WARN_INFINITE_RECURSION = YES;
				CLANG_WARN_INT_CONVERSION = YES;
				CLANG_WARN_NON_LITERAL_NULL_CONVERSION = YES;
				CLANG_WARN_OBJC_IMPLICIT_RETAIN_SELF = YES;
				CLANG_WARN_OBJC_LITERAL_CONVERSION = YES;
				CLANG_WARN_OBJC_ROOT_CLASS = YES_ERROR;
				CLANG_WARN_RANGE_LOOP_ANALYSIS = YES;
				CLANG_WARN_STRICT_PROTOTYPES = YES;
				CLANG_WARN_SUSPICIOUS_MOVE = YES;
				CLANG_WARN_UNGUARDED_AVAILABILITY = YES_AGGRESSIVE;
				CLANG_WARN_UNREACHABLE_CODE = YES;
				CLANG_WARN__DUPLICATE_METHOD_MATCH = YES;
				COPY_PHASE_STRIP = NO;
				DEBUG_INFORMATION_FORMAT = "dwarf-with-dsym";
				ENABLE_NS_ASSERTIONS = NO;
				ENABLE_STRICT_OBJC_MSGSEND = YES;
				GCC_C_LANGUAGE_STANDARD = gnu11;
				GCC_NO_COMMON_BLOCKS = YES;
				GCC_WARN_64_TO_32_BIT_CONVERSION = YES;
				GCC_WARN_ABOUT_RETURN_TYPE = YES_ERROR;
				GCC_WARN_UNDECLARED_SELECTOR = YES;
				GCC_WARN_UNINITIALIZED_AUTOS = YES_AGGRESSIVE;
				GCC_WARN_UNUSED_FUNCTION = YES;
				GCC_WARN_UNUSED_VARIABLE = YES;
				IPHONEOS_DEPLOYMENT_TARGET = 13.5;
				MTL_ENABLE_DEBUG_INFO = NO;
				MTL_FAST_MATH = YES;
				SDKROOT = iphoneos;
				SWIFT_COMPILATION_MODE = wholemodule;
				SWIFT_OPTIMIZATION_LEVEL = "-O";
				VALIDATE_PRODUCT = YES;
			};
			name = Release;
		};
		185B472B247F880800088B16 /* Debug */ = {
			isa = XCBuildConfiguration;
			baseConfigurationReference = 62AA0F5F198388EA9CF8ACA6 /* Pods-Demo.debug.xcconfig */;
			buildSettings = {
				ASSETCATALOG_COMPILER_APPICON_NAME = AppIcon;
				CLANG_ENABLE_MODULES = YES;
				CODE_SIGN_STYLE = Automatic;
				DEVELOPMENT_TEAM = WZMDZ97XAH;
				FRAMEWORK_SEARCH_PATHS = "$(inherited)";
				INFOPLIST_FILE = Demo/Info.plist;
				IPHONEOS_DEPLOYMENT_TARGET = 13.0;
				LD_RUNPATH_SEARCH_PATHS = (
					"$(inherited)",
					"@executable_path/Frameworks",
				);
				LIBRARY_SEARCH_PATHS = "$(SRCROOT)/../Carthage/Build/iOS/**";
				PRODUCT_BUNDLE_IDENTIFIER = com.alex.demo;
				PRODUCT_NAME = "$(TARGET_NAME)";
				SWIFT_OBJC_BRIDGING_HEADER = "";
				SWIFT_OBJC_INTERFACE_HEADER_NAME = "";
				SWIFT_OPTIMIZATION_LEVEL = "-Onone";
				SWIFT_VERSION = 5.0;
				TARGETED_DEVICE_FAMILY = "1,2";
			};
			name = Debug;
		};
		185B472C247F880800088B16 /* Release */ = {
			isa = XCBuildConfiguration;
			baseConfigurationReference = F60725A3D948042608ED4B07 /* Pods-Demo.release.xcconfig */;
			buildSettings = {
				ASSETCATALOG_COMPILER_APPICON_NAME = AppIcon;
				CLANG_ENABLE_MODULES = YES;
				CODE_SIGN_STYLE = Automatic;
				DEVELOPMENT_TEAM = WZMDZ97XAH;
				FRAMEWORK_SEARCH_PATHS = "$(inherited)";
				INFOPLIST_FILE = Demo/Info.plist;
				IPHONEOS_DEPLOYMENT_TARGET = 13.0;
				LD_RUNPATH_SEARCH_PATHS = (
					"$(inherited)",
					"@executable_path/Frameworks",
				);
				LIBRARY_SEARCH_PATHS = "$(SRCROOT)/../Carthage/Build/iOS/**";
				PRODUCT_BUNDLE_IDENTIFIER = com.alex.demo;
				PRODUCT_NAME = "$(TARGET_NAME)";
				SWIFT_OBJC_BRIDGING_HEADER = "";
				SWIFT_OBJC_INTERFACE_HEADER_NAME = "";
				SWIFT_VERSION = 5.0;
				TARGETED_DEVICE_FAMILY = "1,2";
			};
			name = Release;
		};
		185B472E247F880800088B16 /* Debug */ = {
			isa = XCBuildConfiguration;
			buildSettings = {
				ALWAYS_EMBED_SWIFT_STANDARD_LIBRARIES = YES;
				BUNDLE_LOADER = "$(TEST_HOST)";
				CODE_SIGN_STYLE = Automatic;
				INFOPLIST_FILE = DemoTests/Info.plist;
				IPHONEOS_DEPLOYMENT_TARGET = 13.5;
				LD_RUNPATH_SEARCH_PATHS = (
					"$(inherited)",
					"@executable_path/Frameworks",
					"@loader_path/Frameworks",
				);
				PRODUCT_BUNDLE_IDENTIFIER = com.alex.demo.DemoTests;
				PRODUCT_NAME = "$(TARGET_NAME)";
				SWIFT_VERSION = 5.0;
				TARGETED_DEVICE_FAMILY = "1,2";
				TEST_HOST = "$(BUILT_PRODUCTS_DIR)/Demo.app/Demo";
			};
			name = Debug;
		};
		185B472F247F880800088B16 /* Release */ = {
			isa = XCBuildConfiguration;
			buildSettings = {
				ALWAYS_EMBED_SWIFT_STANDARD_LIBRARIES = YES;
				BUNDLE_LOADER = "$(TEST_HOST)";
				CODE_SIGN_STYLE = Automatic;
				INFOPLIST_FILE = DemoTests/Info.plist;
				IPHONEOS_DEPLOYMENT_TARGET = 13.5;
				LD_RUNPATH_SEARCH_PATHS = (
					"$(inherited)",
					"@executable_path/Frameworks",
					"@loader_path/Frameworks",
				);
				PRODUCT_BUNDLE_IDENTIFIER = com.alex.demo.DemoTests;
				PRODUCT_NAME = "$(TARGET_NAME)";
				SWIFT_VERSION = 5.0;
				TARGETED_DEVICE_FAMILY = "1,2";
				TEST_HOST = "$(BUILT_PRODUCTS_DIR)/Demo.app/Demo";
			};
			name = Release;
		};
		185B4731247F880800088B16 /* Debug */ = {
			isa = XCBuildConfiguration;
			buildSettings = {
				ALWAYS_EMBED_SWIFT_STANDARD_LIBRARIES = YES;
				CODE_SIGN_STYLE = Automatic;
				INFOPLIST_FILE = DemoUITests/Info.plist;
				LD_RUNPATH_SEARCH_PATHS = (
					"$(inherited)",
					"@executable_path/Frameworks",
					"@loader_path/Frameworks",
				);
				PRODUCT_BUNDLE_IDENTIFIER = com.alex.demo.DemoUITests;
				PRODUCT_NAME = "$(TARGET_NAME)";
				SWIFT_VERSION = 5.0;
				TARGETED_DEVICE_FAMILY = "1,2";
				TEST_TARGET_NAME = Demo;
			};
			name = Debug;
		};
		185B4732247F880800088B16 /* Release */ = {
			isa = XCBuildConfiguration;
			buildSettings = {
				ALWAYS_EMBED_SWIFT_STANDARD_LIBRARIES = YES;
				CODE_SIGN_STYLE = Automatic;
				INFOPLIST_FILE = DemoUITests/Info.plist;
				LD_RUNPATH_SEARCH_PATHS = (
					"$(inherited)",
					"@executable_path/Frameworks",
					"@loader_path/Frameworks",
				);
				PRODUCT_BUNDLE_IDENTIFIER = com.alex.demo.DemoUITests;
				PRODUCT_NAME = "$(TARGET_NAME)";
				SWIFT_VERSION = 5.0;
				TARGETED_DEVICE_FAMILY = "1,2";
				TEST_TARGET_NAME = Demo;
			};
			name = Release;
		};
/* End XCBuildConfiguration section */

/* Begin XCConfigurationList section */
		185B46FB247F880600088B16 /* Build configuration list for PBXProject "Demo" */ = {
			isa = XCConfigurationList;
			buildConfigurations = (
				185B4728247F880800088B16 /* Debug */,
				185B4729247F880800088B16 /* Release */,
			);
			defaultConfigurationIsVisible = 0;
			defaultConfigurationName = Release;
		};
		185B472A247F880800088B16 /* Build configuration list for PBXNativeTarget "Demo" */ = {
			isa = XCConfigurationList;
			buildConfigurations = (
				185B472B247F880800088B16 /* Debug */,
				185B472C247F880800088B16 /* Release */,
			);
			defaultConfigurationIsVisible = 0;
			defaultConfigurationName = Release;
		};
		185B472D247F880800088B16 /* Build configuration list for PBXNativeTarget "DemoTests" */ = {
			isa = XCConfigurationList;
			buildConfigurations = (
				185B472E247F880800088B16 /* Debug */,
				185B472F247F880800088B16 /* Release */,
			);
			defaultConfigurationIsVisible = 0;
			defaultConfigurationName = Release;
		};
		185B4730247F880800088B16 /* Build configuration list for PBXNativeTarget "DemoUITests" */ = {
			isa = XCConfigurationList;
			buildConfigurations = (
				185B4731247F880800088B16 /* Debug */,
				185B4732247F880800088B16 /* Release */,
			);
			defaultConfigurationIsVisible = 0;
			defaultConfigurationName = Release;
		};
/* End XCConfigurationList section */
	};
	rootObject = 185B46F8247F880600088B16 /* Project object */;
}
